// !$*UTF8*$!
{
	archiveVersion = 1;
	classes = {
	};
	objectVersion = 46;
	objects = {

/* Begin PBXBuildFile section */
		2E85DA5D19253FC80029999E /* Foundation.framework in Frameworks */ = {isa = PBXBuildFile; fileRef = 2E85DA5C19253FC80029999E /* Foundation.framework */; };
		2E85DA5F19253FC80029999E /* CoreGraphics.framework in Frameworks */ = {isa = PBXBuildFile; fileRef = 2E85DA5E19253FC80029999E /* CoreGraphics.framework */; };
		2E85DA6119253FC80029999E /* UIKit.framework in Frameworks */ = {isa = PBXBuildFile; fileRef = 2E85DA6019253FC80029999E /* UIKit.framework */; };
		2E85DA6719253FC80029999E /* InfoPlist.strings in Resources */ = {isa = PBXBuildFile; fileRef = 2E85DA6519253FC80029999E /* InfoPlist.strings */; };
		2E85DA6919253FC80029999E /* main.m in Sources */ = {isa = PBXBuildFile; fileRef = 2E85DA6819253FC80029999E /* main.m */; };
		2E85DA6D19253FC80029999E /* AppDelegate.m in Sources */ = {isa = PBXBuildFile; fileRef = 2E85DA6C19253FC80029999E /* AppDelegate.m */; };
		2E85DA7019253FC80029999E /* Main.storyboard in Resources */ = {isa = PBXBuildFile; fileRef = 2E85DA6E19253FC80029999E /* Main.storyboard */; };
		2E85DA7319253FC80029999E /* ViewController.m in Sources */ = {isa = PBXBuildFile; fileRef = 2E85DA7219253FC80029999E /* ViewController.m */; };
		2E85DA7519253FC80029999E /* Images.xcassets in Resources */ = {isa = PBXBuildFile; fileRef = 2E85DA7419253FC80029999E /* Images.xcassets */; };
		2E85DA7C19253FC80029999E /* XCTest.framework in Frameworks */ = {isa = PBXBuildFile; fileRef = 2E85DA7B19253FC80029999E /* XCTest.framework */; };
		2E85DA7D19253FC80029999E /* Foundation.framework in Frameworks */ = {isa = PBXBuildFile; fileRef = 2E85DA5C19253FC80029999E /* Foundation.framework */; };
		2E85DA7E19253FC80029999E /* UIKit.framework in Frameworks */ = {isa = PBXBuildFile; fileRef = 2E85DA6019253FC80029999E /* UIKit.framework */; };
		2E85DA8619253FC80029999E /* InfoPlist.strings in Resources */ = {isa = PBXBuildFile; fileRef = 2E85DA8419253FC80029999E /* InfoPlist.strings */; };
		2E85DA8819253FC80029999E /* TicTacToeTests.m in Sources */ = {isa = PBXBuildFile; fileRef = 2E85DA8719253FC80029999E /* TicTacToeTests.m */; };
		2E85DA961925CFA30029999E /* CheckMate.framework in Frameworks */ = {isa = PBXBuildFile; fileRef = 2E85DA951925CFA30029999E /* CheckMate.framework */; };
/* End PBXBuildFile section */

/* Begin PBXContainerItemProxy section */
		2E85DA7F19253FC80029999E /* PBXContainerItemProxy */ = {
			isa = PBXContainerItemProxy;
			containerPortal = 2E85DA5119253FC80029999E /* Project object */;
			proxyType = 1;
			remoteGlobalIDString = 2E85DA5819253FC80029999E;
			remoteInfo = TicTacToe;
		};
/* End PBXContainerItemProxy section */

/* Begin PBXFileReference section */
		2E85DA5919253FC80029999E /* TicTacToe.app */ = {isa = PBXFileReference; explicitFileType = wrapper.application; includeInIndex = 0; path = TicTacToe.app; sourceTree = BUILT_PRODUCTS_DIR; };
		2E85DA5C19253FC80029999E /* Foundation.framework */ = {isa = PBXFileReference; lastKnownFileType = wrapper.framework; name = Foundation.framework; path = System/Library/Frameworks/Foundation.framework; sourceTree = SDKROOT; };
		2E85DA5E19253FC80029999E /* CoreGraphics.framework */ = {isa = PBXFileReference; lastKnownFileType = wrapper.framework; name = CoreGraphics.framework; path = System/Library/Frameworks/CoreGraphics.framework; sourceTree = SDKROOT; };
		2E85DA6019253FC80029999E /* UIKit.framework */ = {isa = PBXFileReference; lastKnownFileType = wrapper.framework; name = UIKit.framework; path = System/Library/Frameworks/UIKit.framework; sourceTree = SDKROOT; };
		2E85DA6419253FC80029999E /* TicTacToe-Info.plist */ = {isa = PBXFileReference; lastKnownFileType = text.plist.xml; path = "TicTacToe-Info.plist"; sourceTree = "<group>"; };
		2E85DA6619253FC80029999E /* en */ = {isa = PBXFileReference; lastKnownFileType = text.plist.strings; name = en; path = en.lproj/InfoPlist.strings; sourceTree = "<group>"; };
		2E85DA6819253FC80029999E /* main.m */ = {isa = PBXFileReference; lastKnownFileType = sourcecode.c.objc; path = main.m; sourceTree = "<group>"; };
		2E85DA6A19253FC80029999E /* TicTacToe-Prefix.pch */ = {isa = PBXFileReference; lastKnownFileType = sourcecode.c.h; path = "TicTacToe-Prefix.pch"; sourceTree = "<group>"; };
		2E85DA6B19253FC80029999E /* AppDelegate.h */ = {isa = PBXFileReference; lastKnownFileType = sourcecode.c.h; path = AppDelegate.h; sourceTree = "<group>"; };
		2E85DA6C19253FC80029999E /* AppDelegate.m */ = {isa = PBXFileReference; lastKnownFileType = sourcecode.c.objc; path = AppDelegate.m; sourceTree = "<group>"; };
		2E85DA6F19253FC80029999E /* Base */ = {isa = PBXFileReference; lastKnownFileType = file.storyboard; name = Base; path = Base.lproj/Main.storyboard; sourceTree = "<group>"; };
		2E85DA7119253FC80029999E /* ViewController.h */ = {isa = PBXFileReference; lastKnownFileType = sourcecode.c.h; path = ViewController.h; sourceTree = "<group>"; };
		2E85DA7219253FC80029999E /* ViewController.m */ = {isa = PBXFileReference; lastKnownFileType = sourcecode.c.objc; path = ViewController.m; sourceTree = "<group>"; };
		2E85DA7419253FC80029999E /* Images.xcassets */ = {isa = PBXFileReference; lastKnownFileType = folder.assetcatalog; path = Images.xcassets; sourceTree = "<group>"; };
		2E85DA7A19253FC80029999E /* TicTacToeTests.xctest */ = {isa = PBXFileReference; explicitFileType = wrapper.cfbundle; includeInIndex = 0; path = TicTacToeTests.xctest; sourceTree = BUILT_PRODUCTS_DIR; };
		2E85DA7B19253FC80029999E /* XCTest.framework */ = {isa = PBXFileReference; lastKnownFileType = wrapper.framework; name = XCTest.framework; path = Library/Frameworks/XCTest.framework; sourceTree = DEVELOPER_DIR; };
		2E85DA8319253FC80029999E /* TicTacToeTests-Info.plist */ = {isa = PBXFileReference; lastKnownFileType = text.plist.xml; path = "TicTacToeTests-Info.plist"; sourceTree = "<group>"; };
		2E85DA8519253FC80029999E /* en */ = {isa = PBXFileReference; lastKnownFileType = text.plist.strings; name = en; path = en.lproj/InfoPlist.strings; sourceTree = "<group>"; };
		2E85DA8719253FC80029999E /* TicTacToeTests.m */ = {isa = PBXFileReference; lastKnownFileType = sourcecode.c.objc; path = TicTacToeTests.m; sourceTree = "<group>"; };
		2E85DA951925CFA30029999E /* CheckMate.framework */ = {isa = PBXFileReference; lastKnownFileType = wrapper.framework; name = CheckMate.framework; path = ../CheckMate.framework; sourceTree = "<group>"; };
/* End PBXFileReference section */

/* Begin PBXFrameworksBuildPhase section */
		2E85DA5619253FC80029999E /* Frameworks */ = {
			isa = PBXFrameworksBuildPhase;
			buildActionMask = 2147483647;
			files = (
				2E85DA961925CFA30029999E /* CheckMate.framework in Frameworks */,
				2E85DA5F19253FC80029999E /* CoreGraphics.framework in Frameworks */,
				2E85DA6119253FC80029999E /* UIKit.framework in Frameworks */,
				2E85DA5D19253FC80029999E /* Foundation.framework in Frameworks */,
			);
			runOnlyForDeploymentPostprocessing = 0;
		};
		2E85DA7719253FC80029999E /* Frameworks */ = {
			isa = PBXFrameworksBuildPhase;
			buildActionMask = 2147483647;
			files = (
				2E85DA7C19253FC80029999E /* XCTest.framework in Frameworks */,
				2E85DA7E19253FC80029999E /* UIKit.framework in Frameworks */,
				2E85DA7D19253FC80029999E /* Foundation.framework in Frameworks */,
			);
			runOnlyForDeploymentPostprocessing = 0;
		};
/* End PBXFrameworksBuildPhase section */

/* Begin PBXGroup section */
		2E85DA5019253FC80029999E = {
			isa = PBXGroup;
			children = (
				2E85DA6219253FC80029999E /* TicTacToe */,
				2E85DA8119253FC80029999E /* TicTacToeTests */,
				2E85DA5B19253FC80029999E /* Frameworks */,
				2E85DA5A19253FC80029999E /* Products */,
			);
			sourceTree = "<group>";
		};
		2E85DA5A19253FC80029999E /* Products */ = {
			isa = PBXGroup;
			children = (
				2E85DA5919253FC80029999E /* TicTacToe.app */,
				2E85DA7A19253FC80029999E /* TicTacToeTests.xctest */,
			);
			name = Products;
			sourceTree = "<group>";
		};
		2E85DA5B19253FC80029999E /* Frameworks */ = {
			isa = PBXGroup;
			children = (
				2E85DA951925CFA30029999E /* CheckMate.framework */,
				2E85DA5C19253FC80029999E /* Foundation.framework */,
				2E85DA5E19253FC80029999E /* CoreGraphics.framework */,
				2E85DA6019253FC80029999E /* UIKit.framework */,
				2E85DA7B19253FC80029999E /* XCTest.framework */,
			);
			name = Frameworks;
			sourceTree = "<group>";
		};
		2E85DA6219253FC80029999E /* TicTacToe */ = {
			isa = PBXGroup;
			children = (
				2E85DA6B19253FC80029999E /* AppDelegate.h */,
				2E85DA6C19253FC80029999E /* AppDelegate.m */,
				2E85DA6E19253FC80029999E /* Main.storyboard */,
				2E85DA7119253FC80029999E /* ViewController.h */,
				2E85DA7219253FC80029999E /* ViewController.m */,
				2E85DA7419253FC80029999E /* Images.xcassets */,
				2E85DA6319253FC80029999E /* Supporting Files */,
			);
			path = TicTacToe;
			sourceTree = "<group>";
		};
		2E85DA6319253FC80029999E /* Supporting Files */ = {
			isa = PBXGroup;
			children = (
				2E85DA6419253FC80029999E /* TicTacToe-Info.plist */,
				2E85DA6519253FC80029999E /* InfoPlist.strings */,
				2E85DA6819253FC80029999E /* main.m */,
				2E85DA6A19253FC80029999E /* TicTacToe-Prefix.pch */,
			);
			name = "Supporting Files";
			sourceTree = "<group>";
		};
		2E85DA8119253FC80029999E /* TicTacToeTests */ = {
			isa = PBXGroup;
			children = (
				2E85DA8719253FC80029999E /* TicTacToeTests.m */,
				2E85DA8219253FC80029999E /* Supporting Files */,
			);
			path = TicTacToeTests;
			sourceTree = "<group>";
		};
		2E85DA8219253FC80029999E /* Supporting Files */ = {
			isa = PBXGroup;
			children = (
				2E85DA8319253FC80029999E /* TicTacToeTests-Info.plist */,
				2E85DA8419253FC80029999E /* InfoPlist.strings */,
			);
			name = "Supporting Files";
			sourceTree = "<group>";
		};
/* End PBXGroup section */

/* Begin PBXNativeTarget section */
		2E85DA5819253FC80029999E /* TicTacToe */ = {
			isa = PBXNativeTarget;
			buildConfigurationList = 2E85DA8B19253FC80029999E /* Build configuration list for PBXNativeTarget "TicTacToe" */;
			buildPhases = (
				2E85DA5519253FC80029999E /* Sources */,
				2E85DA5619253FC80029999E /* Frameworks */,
				2E85DA5719253FC80029999E /* Resources */,
			);
			buildRules = (
			);
			dependencies = (
			);
			name = TicTacToe;
			productName = TicTacToe;
			productReference = 2E85DA5919253FC80029999E /* TicTacToe.app */;
			productType = "com.apple.product-type.application";
		};
		2E85DA7919253FC80029999E /* TicTacToeTests */ = {
			isa = PBXNativeTarget;
			buildConfigurationList = 2E85DA8E19253FC80029999E /* Build configuration list for PBXNativeTarget "TicTacToeTests" */;
			buildPhases = (
				2E85DA7619253FC80029999E /* Sources */,
				2E85DA7719253FC80029999E /* Frameworks */,
				2E85DA7819253FC80029999E /* Resources */,
			);
			buildRules = (
			);
			dependencies = (
				2E85DA8019253FC80029999E /* PBXTargetDependency */,
			);
			name = TicTacToeTests;
			productName = TicTacToeTests;
			productReference = 2E85DA7A19253FC80029999E /* TicTacToeTests.xctest */;
			productType = "com.apple.product-type.bundle.unit-test";
		};
/* End PBXNativeTarget section */

/* Begin PBXProject section */
		2E85DA5119253FC80029999E /* Project object */ = {
			isa = PBXProject;
			attributes = {
				LastUpgradeCheck = 0510;
				ORGANIZATIONNAME = "Mobile Makers";
				TargetAttributes = {
					2E85DA7919253FC80029999E = {
						TestTargetID = 2E85DA5819253FC80029999E;
					};
				};
			};
			buildConfigurationList = 2E85DA5419253FC80029999E /* Build configuration list for PBXProject "TicTacToe" */;
			compatibilityVersion = "Xcode 3.2";
			developmentRegion = English;
			hasScannedForEncodings = 0;
			knownRegions = (
				en,
				Base,
			);
			mainGroup = 2E85DA5019253FC80029999E;
			productRefGroup = 2E85DA5A19253FC80029999E /* Products */;
			projectDirPath = "";
			projectRoot = "";
			targets = (
				2E85DA5819253FC80029999E /* TicTacToe */,
				2E85DA7919253FC80029999E /* TicTacToeTests */,
			);
		};
/* End PBXProject section */

/* Begin PBXResourcesBuildPhase section */
		2E85DA5719253FC80029999E /* Resources */ = {
			isa = PBXResourcesBuildPhase;
			buildActionMask = 2147483647;
			files = (
				2E85DA7519253FC80029999E /* Images.xcassets in Resources */,
				2E85DA6719253FC80029999E /* InfoPlist.strings in Resources */,
				2E85DA7019253FC80029999E /* Main.storyboard in Resources */,
			);
			runOnlyForDeploymentPostprocessing = 0;
		};
		2E85DA7819253FC80029999E /* Resources */ = {
			isa = PBXResourcesBuildPhase;
			buildActionMask = 2147483647;
			files = (
				2E85DA8619253FC80029999E /* InfoPlist.strings in Resources */,
			);
			runOnlyForDeploymentPostprocessing = 0;
		};
/* End PBXResourcesBuildPhase section */

/* Begin PBXSourcesBuildPhase section */
		2E85DA5519253FC80029999E /* Sources */ = {
			isa = PBXSourcesBuildPhase;
			buildActionMask = 2147483647;
			files = (
				2E85DA7319253FC80029999E /* ViewController.m in Sources */,
				2E85DA6D19253FC80029999E /* AppDelegate.m in Sources */,
				2E85DA6919253FC80029999E /* main.m in Sources */,
			);
			runOnlyForDeploymentPostprocessing = 0;
		};
		2E85DA7619253FC80029999E /* Sources */ = {
			isa = PBXSourcesBuildPhase;
			buildActionMask = 2147483647;
			files = (
				2E85DA8819253FC80029999E /* TicTacToeTests.m in Sources */,
			);
			runOnlyForDeploymentPostprocessing = 0;
		};
/* End PBXSourcesBuildPhase section */

/* Begin PBXTargetDependency section */
		2E85DA8019253FC80029999E /* PBXTargetDependency */ = {
			isa = PBXTargetDependency;
			target = 2E85DA5819253FC80029999E /* TicTacToe */;
			targetProxy = 2E85DA7F19253FC80029999E /* PBXContainerItemProxy */;
		};
/* End PBXTargetDependency section */

/* Begin PBXVariantGroup section */
		2E85DA6519253FC80029999E /* InfoPlist.strings */ = {
			isa = PBXVariantGroup;
			children = (
				2E85DA6619253FC80029999E /* en */,
			);
			name = InfoPlist.strings;
			sourceTree = "<group>";
		};
		2E85DA6E19253FC80029999E /* Main.storyboard */ = {
			isa = PBXVariantGroup;
			children = (
				2E85DA6F19253FC80029999E /* Base */,
			);
			name = Main.storyboard;
			sourceTree = "<group>";
		};
		2E85DA8419253FC80029999E /* InfoPlist.strings */ = {
			isa = PBXVariantGroup;
			children = (
				2E85DA8519253FC80029999E /* en */,
			);
			name = InfoPlist.strings;
			sourceTree = "<group>";
		};
/* End PBXVariantGroup section */

/* Begin XCBuildConfiguration section */
		2E85DA8919253FC80029999E /* Debug */ = {
			isa = XCBuildConfiguration;
			buildSettings = {
				ALWAYS_SEARCH_USER_PATHS = NO;
				CLANG_CXX_LANGUAGE_STANDARD = "gnu++0x";
				CLANG_CXX_LIBRARY = "libc++";
				CLANG_ENABLE_MODULES = YES;
				CLANG_ENABLE_OBJC_ARC = YES;
				CLANG_WARN_BOOL_CONVERSION = YES;
				CLANG_WARN_CONSTANT_CONVERSION = YES;
				CLANG_WARN_DIRECT_OBJC_ISA_USAGE = YES_ERROR;
				CLANG_WARN_EMPTY_BODY = YES;
				CLANG_WARN_ENUM_CONVERSION = YES;
				CLANG_WARN_INT_CONVERSION = YES;
				CLANG_WARN_OBJC_ROOT_CLASS = YES_ERROR;
				CLANG_WARN__DUPLICATE_METHOD_MATCH = YES;
				"CODE_SIGN_IDENTITY[sdk=iphoneos*]" = "iPhone Developer";
				COPY_PHASE_STRIP = NO;
				GCC_C_LANGUAGE_STANDARD = gnu99;
				GCC_DYNAMIC_NO_PIC = NO;
				GCC_OPTIMIZATION_LEVEL = 0;
				GCC_PREPROCESSOR_DEFINITIONS = (
					"DEBUG=1",
					"$(inherited)",
				);
				GCC_SYMBOLS_PRIVATE_EXTERN = NO;
				GCC_WARN_64_TO_32_BIT_CONVERSION = YES;
				GCC_WARN_ABOUT_RETURN_TYPE = YES_ERROR;
				GCC_WARN_UNDECLARED_SELECTOR = YES;
				GCC_WARN_UNINITIALIZED_AUTOS = YES_AGGRESSIVE;
				GCC_WARN_UNUSED_FUNCTION = YES;
				GCC_WARN_UNUSED_VARIABLE = YES;
				IPHONEOS_DEPLOYMENT_TARGET = 7.1;
				ONLY_ACTIVE_ARCH = YES;
				SDKROOT = iphoneos;
			};
			name = Debug;
		};
		2E85DA8A19253FC80029999E /* Release */ = {
			isa = XCBuildConfiguration;
			buildSettings = {
				ALWAYS_SEARCH_USER_PATHS = NO;
				CLANG_CXX_LANGUAGE_STANDARD = "gnu++0x";
				CLANG_CXX_LIBRARY = "libc++";
				CLANG_ENABLE_MODULES = YES;
				CLANG_ENABLE_OBJC_ARC = YES;
				CLANG_WARN_BOOL_CONVERSION = YES;
				CLANG_WARN_CONSTANT_CONVERSION = YES;
				CLANG_WARN_DIRECT_OBJC_ISA_USAGE = YES_ERROR;
				CLANG_WARN_EMPTY_BODY = YES;
				CLANG_WARN_ENUM_CONVERSION = YES;
				CLANG_WARN_INT_CONVERSION = YES;
				CLANG_WARN_OBJC_ROOT_CLASS = YES_ERROR;
				CLANG_WARN__DUPLICATE_METHOD_MATCH = YES;
				"CODE_SIGN_IDENTITY[sdk=iphoneos*]" = "iPhone Developer";
				COPY_PHASE_STRIP = YES;
				ENABLE_NS_ASSERTIONS = NO;
				GCC_C_LANGUAGE_STANDARD = gnu99;
				GCC_WARN_64_TO_32_BIT_CONVERSION = YES;
				GCC_WARN_ABOUT_RETURN_TYPE = YES_ERROR;
				GCC_WARN_UNDECLARED_SELECTOR = YES;
				GCC_WARN_UNINITIALIZED_AUTOS = YES_AGGRESSIVE;
				GCC_WARN_UNUSED_FUNCTION = YES;
				GCC_WARN_UNUSED_VARIABLE = YES;
				IPHONEOS_DEPLOYMENT_TARGET = 7.1;
				SDKROOT = iphoneos;
				VALIDATE_PRODUCT = YES;
			};
			name = Release;
		};
		2E85DA8C19253FC80029999E /* Debug */ = {
			isa = XCBuildConfiguration;
			buildSettings = {
				ASSETCATALOG_COMPILER_APPICON_NAME = AppIcon;
				ASSETCATALOG_COMPILER_LAUNCHIMAGE_NAME = LaunchImage;
				FRAMEWORK_SEARCH_PATHS = (
					"$(inherited)",
					/Users/kristen.fisher/Desktop,
					/Users/kristen.fisher/Development,
				);
				GCC_PRECOMPILE_PREFIX_HEADER = YES;
				GCC_PREFIX_HEADER = "TicTacToe/TicTacToe-Prefix.pch";
				INFOPLIST_FILE = "TicTacToe/TicTacToe-Info.plist";
				PRODUCT_NAME = "$(TARGET_NAME)";
				WRAPPER_EXTENSION = app;
			};
			name = Debug;
		};
		2E85DA8D19253FC80029999E /* Release */ = {
			isa = XCBuildConfiguration;
			buildSettings = {
				ASSETCATALOG_COMPILER_APPICON_NAME = AppIcon;
				ASSETCATALOG_COMPILER_LAUNCHIMAGE_NAME = LaunchImage;
				FRAMEWORK_SEARCH_PATHS = (
					"$(inherited)",
					/Users/kristen.fisher/Desktop,
					/Users/kristen.fisher/Development,
				);
				GCC_PRECOMPILE_PREFIX_HEADER = YES;
				GCC_PREFIX_HEADER = "TicTacToe/TicTacToe-Prefix.pch";
				INFOPLIST_FILE = "TicTacToe/TicTacToe-Info.plist";
				PRODUCT_NAME = "$(TARGET_NAME)";
				WRAPPER_EXTENSION = app;
			};
			name = Release;
		};
		2E85DA8F19253FC80029999E /* Debug */ = {
			isa = XCBuildConfiguration;
			buildSettings = {
				BUNDLE_LOADER = "$(BUILT_PRODUCTS_DIR)/TicTacToe.app/TicTacToe";
				FRAMEWORK_SEARCH_PATHS = (
					"$(SDKROOT)/Developer/Library/Frameworks",
					"$(inherited)",
					"$(DEVELOPER_FRAMEWORKS_DIR)",
				);
				GCC_PRECOMPILE_PREFIX_HEADER = YES;
				GCC_PREFIX_HEADER = "TicTacToe/TicTacToe-Prefix.pch";
				GCC_PREPROCESSOR_DEFINITIONS = (
					"DEBUG=1",
					"$(inherited)",
				);
				INFOPLIST_FILE = "TicTacToeTests/TicTacToeTests-Info.plist";
				PRODUCT_NAME = "$(TARGET_NAME)";
				TEST_HOST = "$(BUNDLE_LOADER)";
				WRAPPER_EXTENSION = xctest;
			};
			name = Debug;
		};
		2E85DA9019253FC80029999E /* Release */ = {
			isa = XCBuildConfiguration;
			buildSettings = {
				BUNDLE_LOADER = "$(BUILT_PRODUCTS_DIR)/TicTacToe.app/TicTacToe";
				FRAMEWORK_SEARCH_PATHS = (
					"$(SDKROOT)/Developer/Library/Frameworks",
					"$(inherited)",
					"$(DEVELOPER_FRAMEWORKS_DIR)",
				);
				GCC_PRECOMPILE_PREFIX_HEADER = YES;
				GCC_PREFIX_HEADER = "TicTacToe/TicTacToe-Prefix.pch";
				INFOPLIST_FILE = "TicTacToeTests/TicTacToeTests-Info.plist";
				PRODUCT_NAME = "$(TARGET_NAME)";
				TEST_HOST = "$(BUNDLE_LOADER)";
				WRAPPER_EXTENSION = xctest;
			};
			name = Release;
		};
/* End XCBuildConfiguration section */

/* Begin XCConfigurationList section */
		2E85DA5419253FC80029999E /* Build configuration list for PBXProject "TicTacToe" */ = {
			isa = XCConfigurationList;
			buildConfigurations = (
				2E85DA8919253FC80029999E /* Debug */,
				2E85DA8A19253FC80029999E /* Release */,
			);
			defaultConfigurationIsVisible = 0;
			defaultConfigurationName = Release;
		};
		2E85DA8B19253FC80029999E /* Build configuration list for PBXNativeTarget "TicTacToe" */ = {
			isa = XCConfigurationList;
			buildConfigurations = (
				2E85DA8C19253FC80029999E /* Debug */,
				2E85DA8D19253FC80029999E /* Release */,
			);
			defaultConfigurationIsVisible = 0;
			defaultConfigurationName = Release;
		};
		2E85DA8E19253FC80029999E /* Build configuration list for PBXNativeTarget "TicTacToeTests" */ = {
			isa = XCConfigurationList;
			buildConfigurations = (
				2E85DA8F19253FC80029999E /* Debug */,
				2E85DA9019253FC80029999E /* Release */,
			);
			defaultConfigurationIsVisible = 0;
			defaultConfigurationName = Release;
		};
/* End XCConfigurationList section */
	};
	rootObject = 2E85DA5119253FC80029999E /* Project object */;
}
